
Microsoft Visual Studio Solution File, Format Version 11.00
# Visual Studio 2010
# SharpDevelop 5.1
Project("{FAE04EC0-301F-11D3-BF4B-00C04F79EFBC}") = "Laba14", "Laba14\Laba14.csproj", "{80EBA8B0-8B48-4E15-9298-58AB3117CAD1}"
EndProject
Global
	GlobalSection(SolutionConfigurationPlatforms) = preSolution
		Debug|Any CPU = Debug|Any CPU
		Release|Any CPU = Release|Any CPU
	EndGlobalSection
	GlobalSection(ProjectConfigurationPlatforms) = postSolution
		{80EBA8B0-8B48-4E15-9298-58AB3117CAD1}.Debug|Any CPU.ActiveCfg = Debug|Any CPU
		{80EBA8B0-8B48-4E15-9298-58AB3117CAD1}.Debug|Any CPU.Build.0 = Debug|Any CPU
		{80EBA8B0-8B48-4E15-9298-58AB3117CAD1}.Release|Any CPU.ActiveCfg = Release|Any CPU
		{80EBA8B0-8B48-4E15-9298-58AB3117CAD1}.Release|Any CPU.Build.0 = Release|Any CPU
	EndGlobalSection
EndGlobal
